
Microsoft Visual Studio Solution File, Format Version 12.00
Project("{FAE04EC0-301F-11D3-BF4B-00C04F79EFBC}") = "SimplePrefix", "SimplePrefix\SimplePrefix.csproj", "{48935492-1721-4F1E-97EA-4933768A6AEA}"
EndProject
Project("{FAE04EC0-301F-11D3-BF4B-00C04F79EFBC}") = "SimplePrefixTests", "SimplePrefixTests\SimplePrefixTests.csproj", "{E6063432-12B6-4CE0-B7C0-5E984E8F4DDD}"
EndProject
Global
	GlobalSection(SolutionConfigurationPlatforms) = preSolution
		Debug|Any CPU = Debug|Any CPU
		Release|Any CPU = Release|Any CPU
	EndGlobalSection
	GlobalSection(ProjectConfigurationPlatforms) = postSolution
		{48935492-1721-4F1E-97EA-4933768A6AEA}.Debug|Any CPU.ActiveCfg = Debug|Any CPU
		{48935492-1721-4F1E-97EA-4933768A6AEA}.Debug|Any CPU.Build.0 = Debug|Any CPU
		{48935492-1721-4F1E-97EA-4933768A6AEA}.Release|Any CPU.ActiveCfg = Release|Any CPU
		{48935492-1721-4F1E-97EA-4933768A6AEA}.Release|Any CPU.Build.0 = Release|Any CPU
		{E6063432-12B6-4CE0-B7C0-5E984E8F4DDD}.Debug|Any CPU.ActiveCfg = Debug|Any CPU
		{E6063432-12B6-4CE0-B7C0-5E984E8F4DDD}.Debug|Any CPU.Build.0 = Debug|Any CPU
		{E6063432-12B6-4CE0-B7C0-5E984E8F4DDD}.Release|Any CPU.ActiveCfg = Release|Any CPU
		{E6063432-12B6-4CE0-B7C0-5E984E8F4DDD}.Release|Any CPU.Build.0 = Release|Any CPU
	EndGlobalSection
EndGlobal
